
Microsoft Visual Studio Solution File, Format Version 12.00
# Visual Studio 15
VisualStudioVersion = 15.0.27130.2036
MinimumVisualStudioVersion = 10.0.40219.1
Project("{E24C65DC-7377-472B-9ABA-BC803B73C61A}") = "SDKTool", "SDKTool\", "{58A568FC-F689-4FC2-A4F8-16E48B6F8FC7}"
	ProjectSection(WebsiteProperties) = preProject
		TargetFrameworkMoniker = ".NETFramework,Version%3Dv4.7"
		Debug.AspNetCompiler.VirtualPath = "/localhost_55389"
		Debug.AspNetCompiler.PhysicalPath = "SDKTool\"
		Debug.AspNetCompiler.TargetPath = "PrecompiledWeb\localhost_55389\"
		Debug.AspNetCompiler.Updateable = "true"
		Debug.AspNetCompiler.ForceOverwrite = "true"
		Debug.AspNetCompiler.FixedNames = "false"
		Debug.AspNetCompiler.Debug = "True"
		Release.AspNetCompiler.VirtualPath = "/localhost_55389"
		Release.AspNetCompiler.PhysicalPath = "SDKTool\"
		Release.AspNetCompiler.TargetPath = "PrecompiledWeb\localhost_55389\"
		Release.AspNetCompiler.Updateable = "true"
		Release.AspNetCompiler.ForceOverwrite = "true"
		Release.AspNetCompiler.FixedNames = "false"
		Release.AspNetCompiler.Debug = "False"
		VWDPort = "55389"
		SlnRelativePath = "SDKTool\"
		DefaultWebSiteLanguage = "Visual C#"
	EndProjectSection
EndProject
Global
	GlobalSection(SolutionConfigurationPlatforms) = preSolution
		Debug|Any CPU = Debug|Any CPU
	EndGlobalSection
	GlobalSection(ProjectConfigurationPlatforms) = postSolution
		{58A568FC-F689-4FC2-A4F8-16E48B6F8FC7}.Debug|Any CPU.ActiveCfg = Debug|Any CPU
		{58A568FC-F689-4FC2-A4F8-16E48B6F8FC7}.Debug|Any CPU.Build.0 = Debug|Any CPU
	EndGlobalSection
	GlobalSection(SolutionProperties) = preSolution
		HideSolutionNode = FALSE
	EndGlobalSection
	GlobalSection(ExtensibilityGlobals) = postSolution
		SolutionGuid = {DC0FE06E-D64E-4335-A590-95314D6933E0}
	EndGlobalSection
EndGlobal
